// !$*UTF8*$!
{
	archiveVersion = 1;
	classes = {
	};
	objectVersion = 56;
	objects = {

/* Begin PBXBuildFile section */
		2CB5BF0C2DD45744000E5986 /* VideoSDKRTCSwift in Frameworks */ = {isa = PBXBuildFile; productRef = 2CB5BF0B2DD45744000E5986 /* VideoSDKRTCSwift */; };
		6B5693672BDFA1FB00CF3522 /* StartView.swift in Sources */ = {isa = PBXBuildFile; fileRef = 6B5693662BDFA1FB00CF3522 /* StartView.swift */; };
		6BF0EBF32BD947420000DF8E /* RoomStruct.swift in Sources */ = {isa = PBXBuildFile; fileRef = 6BF0EBF22BD947420000DF8E /* RoomStruct.swift */; };
		6BF0EBFB2BD94B7B0000DF8E /* ReplayKit.framework in Frameworks */ = {isa = PBXBuildFile; fileRef = 6BF0EBFA2BD94B7B0000DF8E /* ReplayKit.framework */; };
		6BF0EBFE2BD94B7B0000DF8E /* SampleHandler.swift in Sources */ = {isa = PBXBuildFile; fileRef = 6BF0EBFD2BD94B7B0000DF8E /* SampleHandler.swift */; };
		6BF0EC022BD94B7B0000DF8E /* Broadcast.appex in Embed Foundation Extensions */ = {isa = PBXBuildFile; fileRef = 6BF0EBF82BD94B7B0000DF8E /* Broadcast.appex */; settings = {ATTRIBUTES = (RemoveHeadersOnCopy, ); }; };
		6BF0EC0D2BD94C6C0000DF8E /* SocketConnection.swift in Sources */ = {isa = PBXBuildFile; fileRef = 6BF0EC092BD94C6C0000DF8E /* SocketConnection.swift */; };
		6BF0EC0E2BD94C6C0000DF8E /* Atomic.swift in Sources */ = {isa = PBXBuildFile; fileRef = 6BF0EC0A2BD94C6C0000DF8E /* Atomic.swift */; };
		6BF0EC0F2BD94C6C0000DF8E /* DarwinNotification.swift in Sources */ = {isa = PBXBuildFile; fileRef = 6BF0EC0B2BD94C6C0000DF8E /* DarwinNotification.swift */; };
		6BF0EC102BD94C6C0000DF8E /* SampleUploader.swift in Sources */ = {isa = PBXBuildFile; fileRef = 6BF0EC0C2BD94C6C0000DF8E /* SampleUploader.swift */; };
		B22C637729F1997900EEE43A /* VideoSDKSwiftUIExampleApp.swift in Sources */ = {isa = PBXBuildFile; fileRef = B22C637629F1997900EEE43A /* VideoSDKSwiftUIExampleApp.swift */; };
		B22C637B29F1997B00EEE43A /* Assets.xcassets in Resources */ = {isa = PBXBuildFile; fileRef = B22C637A29F1997B00EEE43A /* Assets.xcassets */; };
		B22C637E29F1997B00EEE43A /* Preview Assets.xcassets in Resources */ = {isa = PBXBuildFile; fileRef = B22C637D29F1997B00EEE43A /* Preview Assets.xcassets */; };
		B22C638829F19BC200EEE43A /* MeetingView.swift in Sources */ = {isa = PBXBuildFile; fileRef = B22C638729F19BC200EEE43A /* MeetingView.swift */; };
		B22C638A29F1CD8400EEE43A /* MeetingViewController.swift in Sources */ = {isa = PBXBuildFile; fileRef = B22C638929F1CD8400EEE43A /* MeetingViewController.swift */; };
/* End PBXBuildFile section */

/* Begin PBXContainerItemProxy section */
		6BF0EC002BD94B7B0000DF8E /* PBXContainerItemProxy */ = {
			isa = PBXContainerItemProxy;
			containerPortal = B22C636B29F1997900EEE43A /* Project object */;
			proxyType = 1;
			remoteGlobalIDString = 6BF0EBF72BD94B7B0000DF8E;
			remoteInfo = Broadcast;
		};
/* End PBXContainerItemProxy section */

/* Begin PBXCopyFilesBuildPhase section */
		6BF0EC032BD94B7B0000DF8E /* Embed Foundation Extensions */ = {
			isa = PBXCopyFilesBuildPhase;
			buildActionMask = 2147483647;
			dstPath = "";
			dstSubfolderSpec = 13;
			files = (
				6BF0EC022BD94B7B0000DF8E /* Broadcast.appex in Embed Foundation Extensions */,
			);
			name = "Embed Foundation Extensions";
			runOnlyForDeploymentPostprocessing = 0;
		};
/* End PBXCopyFilesBuildPhase section */

/* Begin PBXFileReference section */
		6B5693662BDFA1FB00CF3522 /* StartView.swift */ = {isa = PBXFileReference; lastKnownFileType = sourcecode.swift; path = StartView.swift; sourceTree = "<group>"; };
		6BF0EBF22BD947420000DF8E /* RoomStruct.swift */ = {isa = PBXFileReference; lastKnownFileType = sourcecode.swift; path = RoomStruct.swift; sourceTree = "<group>"; };
		6BF0EBF82BD94B7B0000DF8E /* Broadcast.appex */ = {isa = PBXFileReference; explicitFileType = "wrapper.app-extension"; includeInIndex = 0; path = Broadcast.appex; sourceTree = BUILT_PRODUCTS_DIR; };
		6BF0EBFA2BD94B7B0000DF8E /* ReplayKit.framework */ = {isa = PBXFileReference; lastKnownFileType = wrapper.framework; name = ReplayKit.framework; path = System/Library/Frameworks/ReplayKit.framework; sourceTree = SDKROOT; };
		6BF0EBFD2BD94B7B0000DF8E /* SampleHandler.swift */ = {isa = PBXFileReference; lastKnownFileType = sourcecode.swift; path = SampleHandler.swift; sourceTree = "<group>"; };
		6BF0EBFF2BD94B7B0000DF8E /* Info.plist */ = {isa = PBXFileReference; lastKnownFileType = text.plist.xml; path = Info.plist; sourceTree = "<group>"; };
		6BF0EC072BD94B890000DF8E /* VideoSDKSwiftUIExample.entitlements */ = {isa = PBXFileReference; lastKnownFileType = text.plist.entitlements; path = VideoSDKSwiftUIExample.entitlements; sourceTree = "<group>"; };
		6BF0EC082BD94B8D0000DF8E /* Broadcast.entitlements */ = {isa = PBXFileReference; lastKnownFileType = text.plist.entitlements; path = Broadcast.entitlements; sourceTree = "<group>"; };
		6BF0EC092BD94C6C0000DF8E /* SocketConnection.swift */ = {isa = PBXFileReference; fileEncoding = 4; lastKnownFileType = sourcecode.swift; path = SocketConnection.swift; sourceTree = "<group>"; };
		6BF0EC0A2BD94C6C0000DF8E /* Atomic.swift */ = {isa = PBXFileReference; fileEncoding = 4; lastKnownFileType = sourcecode.swift; path = Atomic.swift; sourceTree = "<group>"; };
		6BF0EC0B2BD94C6C0000DF8E /* DarwinNotification.swift */ = {isa = PBXFileReference; fileEncoding = 4; lastKnownFileType = sourcecode.swift; path = DarwinNotification.swift; sourceTree = "<group>"; };
		6BF0EC0C2BD94C6C0000DF8E /* SampleUploader.swift */ = {isa = PBXFileReference; fileEncoding = 4; lastKnownFileType = sourcecode.swift; path = SampleUploader.swift; sourceTree = "<group>"; };
		6BF0EC112BD94CB20000DF8E /* Info.plist */ = {isa = PBXFileReference; lastKnownFileType = text.plist; path = Info.plist; sourceTree = "<group>"; };
		B22C637329F1997900EEE43A /* VideoSDKSwiftUIExample.app */ = {isa = PBXFileReference; explicitFileType = wrapper.application; includeInIndex = 0; path = VideoSDKSwiftUIExample.app; sourceTree = BUILT_PRODUCTS_DIR; };
		B22C637629F1997900EEE43A /* VideoSDKSwiftUIExampleApp.swift */ = {isa = PBXFileReference; lastKnownFileType = sourcecode.swift; path = VideoSDKSwiftUIExampleApp.swift; sourceTree = "<group>"; };
		B22C637A29F1997B00EEE43A /* Assets.xcassets */ = {isa = PBXFileReference; lastKnownFileType = folder.assetcatalog; path = Assets.xcassets; sourceTree = "<group>"; };
		B22C637D29F1997B00EEE43A /* Preview Assets.xcassets */ = {isa = PBXFileReference; lastKnownFileType = folder.assetcatalog; path = "Preview Assets.xcassets"; sourceTree = "<group>"; };
		B22C638729F19BC200EEE43A /* MeetingView.swift */ = {isa = PBXFileReference; lastKnownFileType = sourcecode.swift; path = MeetingView.swift; sourceTree = "<group>"; };
		B22C638929F1CD8400EEE43A /* MeetingViewController.swift */ = {isa = PBXFileReference; lastKnownFileType = sourcecode.swift; path = MeetingViewController.swift; sourceTree = "<group>"; };
/* End PBXFileReference section */

/* Begin PBXFrameworksBuildPhase section */
		6BF0EBF52BD94B7B0000DF8E /* Frameworks */ = {
			isa = PBXFrameworksBuildPhase;
			buildActionMask = 2147483647;
			files = (
				6BF0EBFB2BD94B7B0000DF8E /* ReplayKit.framework in Frameworks */,
			);
			runOnlyForDeploymentPostprocessing = 0;
		};
		B22C637029F1997900EEE43A /* Frameworks */ = {
			isa = PBXFrameworksBuildPhase;
			buildActionMask = 2147483647;
			files = (
				2CB5BF0C2DD45744000E5986 /* VideoSDKRTCSwift in Frameworks */,
			);
			runOnlyForDeploymentPostprocessing = 0;
		};
/* End PBXFrameworksBuildPhase section */

/* Begin PBXGroup section */
		6B5693612BDFA1B400CF3522 /* Screens */ = {
			isa = PBXGroup;
			children = (
				6B5693652BDFA1DE00CF3522 /* MeetingView */,
				6B5693622BDFA1BF00CF3522 /* StartView */,
			);
			path = Screens;
			sourceTree = "<group>";
		};
		6B5693622BDFA1BF00CF3522 /* StartView */ = {
			isa = PBXGroup;
			children = (
				6B5693662BDFA1FB00CF3522 /* StartView.swift */,
			);
			path = StartView;
			sourceTree = "<group>";
		};
		6B5693652BDFA1DE00CF3522 /* MeetingView */ = {
			isa = PBXGroup;
			children = (
				B22C638729F19BC200EEE43A /* MeetingView.swift */,
				B22C638929F1CD8400EEE43A /* MeetingViewController.swift */,
			);
			path = MeetingView;
			sourceTree = "<group>";
		};
		6BF0EBF92BD94B7B0000DF8E /* Frameworks */ = {
			isa = PBXGroup;
			children = (
				6BF0EBFA2BD94B7B0000DF8E /* ReplayKit.framework */,
			);
			name = Frameworks;
			sourceTree = "<group>";
		};
		6BF0EBFC2BD94B7B0000DF8E /* Broadcast */ = {
			isa = PBXGroup;
			children = (
				6BF0EC082BD94B8D0000DF8E /* Broadcast.entitlements */,
				6BF0EBFD2BD94B7B0000DF8E /* SampleHandler.swift */,
				6BF0EC0A2BD94C6C0000DF8E /* Atomic.swift */,
				6BF0EC0B2BD94C6C0000DF8E /* DarwinNotification.swift */,
				6BF0EC0C2BD94C6C0000DF8E /* SampleUploader.swift */,
				6BF0EC092BD94C6C0000DF8E /* SocketConnection.swift */,
				6BF0EBFF2BD94B7B0000DF8E /* Info.plist */,
			);
			path = Broadcast;
			sourceTree = "<group>";
		};
		B22C636A29F1997900EEE43A = {
			isa = PBXGroup;
			children = (
				B22C637529F1997900EEE43A /* VideoSDKSwiftUIExample */,
				6BF0EBFC2BD94B7B0000DF8E /* Broadcast */,
				6BF0EBF92BD94B7B0000DF8E /* Frameworks */,
				B22C637429F1997900EEE43A /* Products */,
			);
			sourceTree = "<group>";
		};
		B22C637429F1997900EEE43A /* Products */ = {
			isa = PBXGroup;
			children = (
				B22C637329F1997900EEE43A /* VideoSDKSwiftUIExample.app */,
				6BF0EBF82BD94B7B0000DF8E /* Broadcast.appex */,
			);
			name = Products;
			sourceTree = "<group>";
		};
		B22C637529F1997900EEE43A /* VideoSDKSwiftUIExample */ = {
			isa = PBXGroup;
			children = (
				B22C637629F1997900EEE43A /* VideoSDKSwiftUIExampleApp.swift */,
				6B5693612BDFA1B400CF3522 /* Screens */,
				6BF0EC112BD94CB20000DF8E /* Info.plist */,
				6BF0EBF22BD947420000DF8E /* RoomStruct.swift */,
				6BF0EC072BD94B890000DF8E /* VideoSDKSwiftUIExample.entitlements */,
				B22C637A29F1997B00EEE43A /* Assets.xcassets */,
				B22C637C29F1997B00EEE43A /* Preview Content */,
			);
			path = VideoSDKSwiftUIExample;
			sourceTree = "<group>";
		};
		B22C637C29F1997B00EEE43A /* Preview Content */ = {
			isa = PBXGroup;
			children = (
				B22C637D29F1997B00EEE43A /* Preview Assets.xcassets */,
			);
			path = "Preview Content";
			sourceTree = "<group>";
		};
/* End PBXGroup section */

/* Begin PBXNativeTarget section */
		6BF0EBF72BD94B7B0000DF8E /* Broadcast */ = {
			isa = PBXNativeTarget;
			buildConfigurationList = 6BF0EC062BD94B7B0000DF8E /* Build configuration list for PBXNativeTarget "Broadcast" */;
			buildPhases = (
				6BF0EBF42BD94B7B0000DF8E /* Sources */,
				6BF0EBF52BD94B7B0000DF8E /* Frameworks */,
				6BF0EBF62BD94B7B0000DF8E /* Resources */,
			);
			buildRules = (
			);
			dependencies = (
			);
			name = Broadcast;
			productName = Broadcast;
			productReference = 6BF0EBF82BD94B7B0000DF8E /* Broadcast.appex */;
			productType = "com.apple.product-type.app-extension";
		};
		B22C637229F1997900EEE43A /* VideoSDKSwiftUIExample */ = {
			isa = PBXNativeTarget;
			buildConfigurationList = B22C638129F1997B00EEE43A /* Build configuration list for PBXNativeTarget "VideoSDKSwiftUIExample" */;
			buildPhases = (
				B22C636F29F1997900EEE43A /* Sources */,
				B22C637029F1997900EEE43A /* Frameworks */,
				B22C637129F1997900EEE43A /* Resources */,
				6BF0EC032BD94B7B0000DF8E /* Embed Foundation Extensions */,
			);
			buildRules = (
			);
			dependencies = (
				6BF0EC012BD94B7B0000DF8E /* PBXTargetDependency */,
			);
			name = VideoSDKSwiftUIExample;
			packageProductDependencies = (
				2CB5BF0B2DD45744000E5986 /* VideoSDKRTCSwift */,
			);
			productName = VideoSDKSwiftUIExample;
			productReference = B22C637329F1997900EEE43A /* VideoSDKSwiftUIExample.app */;
			productType = "com.apple.product-type.application";
		};
/* End PBXNativeTarget section */

/* Begin PBXProject section */
		B22C636B29F1997900EEE43A /* Project object */ = {
			isa = PBXProject;
			attributes = {
				BuildIndependentTargetsInParallel = 1;
				LastSwiftUpdateCheck = 1510;
				LastUpgradeCheck = 1410;
				TargetAttributes = {
					6BF0EBF72BD94B7B0000DF8E = {
						CreatedOnToolsVersion = 15.1;
					};
					B22C637229F1997900EEE43A = {
						CreatedOnToolsVersion = 14.1;
					};
				};
			};
			buildConfigurationList = B22C636E29F1997900EEE43A /* Build configuration list for PBXProject "VideoSDKSwiftUIExample" */;
			compatibilityVersion = "Xcode 14.0";
			developmentRegion = en;
			hasScannedForEncodings = 0;
			knownRegions = (
				en,
				Base,
			);
			mainGroup = B22C636A29F1997900EEE43A;
			packageReferences = (
				2CB5BF0A2DD45744000E5986 /* XCRemoteSwiftPackageReference "videosdk-rtc-ios-spm" */,
			);
			productRefGroup = B22C637429F1997900EEE43A /* Products */;
			projectDirPath = "";
			projectRoot = "";
			targets = (
				B22C637229F1997900EEE43A /* VideoSDKSwiftUIExample */,
				6BF0EBF72BD94B7B0000DF8E /* Broadcast */,
			);
		};
/* End PBXProject section */

/* Begin PBXResourcesBuildPhase section */
		6BF0EBF62BD94B7B0000DF8E /* Resources */ = {
			isa = PBXResourcesBuildPhase;
			buildActionMask = 2147483647;
			files = (
			);
			runOnlyForDeploymentPostprocessing = 0;
		};
		B22C637129F1997900EEE43A /* Resources */ = {
			isa = PBXResourcesBuildPhase;
			buildActionMask = 2147483647;
			files = (
				B22C637E29F1997B00EEE43A /* Preview Assets.xcassets in Resources */,
				B22C637B29F1997B00EEE43A /* Assets.xcassets in Resources */,
			);
			runOnlyForDeploymentPostprocessing = 0;
		};
/* End PBXResourcesBuildPhase section */

/* Begin PBXSourcesBuildPhase section */
		6BF0EBF42BD94B7B0000DF8E /* Sources */ = {
			isa = PBXSourcesBuildPhase;
			buildActionMask = 2147483647;
			files = (
				6BF0EC0D2BD94C6C0000DF8E /* SocketConnection.swift in Sources */,
				6BF0EC0E2BD94C6C0000DF8E /* Atomic.swift in Sources */,
				6BF0EBFE2BD94B7B0000DF8E /* SampleHandler.swift in Sources */,
				6BF0EC102BD94C6C0000DF8E /* SampleUploader.swift in Sources */,
				6BF0EC0F2BD94C6C0000DF8E /* DarwinNotification.swift in Sources */,
			);
			runOnlyForDeploymentPostprocessing = 0;
		};
		B22C636F29F1997900EEE43A /* Sources */ = {
			isa = PBXSourcesBuildPhase;
			buildActionMask = 2147483647;
			files = (
				6BF0EBF32BD947420000DF8E /* RoomStruct.swift in Sources */,
				B22C637729F1997900EEE43A /* VideoSDKSwiftUIExampleApp.swift in Sources */,
				B22C638A29F1CD8400EEE43A /* MeetingViewController.swift in Sources */,
				B22C638829F19BC200EEE43A /* MeetingView.swift in Sources */,
				6B5693672BDFA1FB00CF3522 /* StartView.swift in Sources */,
			);
			runOnlyForDeploymentPostprocessing = 0;
		};
/* End PBXSourcesBuildPhase section */

/* Begin PBXTargetDependency section */
		6BF0EC012BD94B7B0000DF8E /* PBXTargetDependency */ = {
			isa = PBXTargetDependency;
			target = 6BF0EBF72BD94B7B0000DF8E /* Broadcast */;
			targetProxy = 6BF0EC002BD94B7B0000DF8E /* PBXContainerItemProxy */;
		};
/* End PBXTargetDependency section */

/* Begin XCBuildConfiguration section */
		6BF0EC042BD94B7B0000DF8E /* Debug */ = {
			isa = XCBuildConfiguration;
			buildSettings = {
				ASSETCATALOG_COMPILER_GENERATE_SWIFT_ASSET_SYMBOL_EXTENSIONS = YES;
				CODE_SIGN_ENTITLEMENTS = Broadcast/Broadcast.entitlements;
				CODE_SIGN_STYLE = Automatic;
				CURRENT_PROJECT_VERSION = 1;
				DEVELOPMENT_TEAM = 8GZ776NSU2;
				ENABLE_USER_SCRIPT_SANDBOXING = YES;
				GCC_C_LANGUAGE_STANDARD = gnu17;
				GENERATE_INFOPLIST_FILE = YES;
				INFOPLIST_FILE = Broadcast/Info.plist;
				INFOPLIST_KEY_CFBundleDisplayName = Broadcast;
				INFOPLIST_KEY_NSHumanReadableCopyright = "";
				IPHONEOS_DEPLOYMENT_TARGET = 17.2;
				LD_RUNPATH_SEARCH_PATHS = (
					"$(inherited)",
					"@executable_path/Frameworks",
					"@executable_path/../../Frameworks",
				);
				LOCALIZATION_PREFERS_STRING_CATALOGS = YES;
				MARKETING_VERSION = 1.0;
				PRODUCT_BUNDLE_IDENTIFIER = com.videosdk.live.example.VideoSDKSwiftUIExample.Broadcast;
				PRODUCT_NAME = "$(TARGET_NAME)";
				SKIP_INSTALL = YES;
				SWIFT_ACTIVE_COMPILATION_CONDITIONS = "DEBUG $(inherited)";
				SWIFT_EMIT_LOC_STRINGS = YES;
				SWIFT_VERSION = 5.0;
				TARGETED_DEVICE_FAMILY = "1,2";
			};
			name = Debug;
		};
		6BF0EC052BD94B7B0000DF8E /* Release */ = {
			isa = XCBuildConfiguration;
			buildSettings = {
				ASSETCATALOG_COMPILER_GENERATE_SWIFT_ASSET_SYMBOL_EXTENSIONS = YES;
				CODE_SIGN_ENTITLEMENTS = Broadcast/Broadcast.entitlements;
				CODE_SIGN_STYLE = Automatic;
				CURRENT_PROJECT_VERSION = 1;
				DEVELOPMENT_TEAM = 8GZ776NSU2;
				ENABLE_USER_SCRIPT_SANDBOXING = YES;
				GCC_C_LANGUAGE_STANDARD = gnu17;
				GENERATE_INFOPLIST_FILE = YES;
				INFOPLIST_FILE = Broadcast/Info.plist;
				INFOPLIST_KEY_CFBundleDisplayName = Broadcast;
				INFOPLIST_KEY_NSHumanReadableCopyright = "";
				IPHONEOS_DEPLOYMENT_TARGET = 17.2;
				LD_RUNPATH_SEARCH_PATHS = (
					"$(inherited)",
					"@executable_path/Frameworks",
					"@executable_path/../../Frameworks",
				);
				LOCALIZATION_PREFERS_STRING_CATALOGS = YES;
				MARKETING_VERSION = 1.0;
				PRODUCT_BUNDLE_IDENTIFIER = com.videosdk.live.example.VideoSDKSwiftUIExample.Broadcast;
				PRODUCT_NAME = "$(TARGET_NAME)";
				SKIP_INSTALL = YES;
				SWIFT_EMIT_LOC_STRINGS = YES;
				SWIFT_VERSION = 5.0;
				TARGETED_DEVICE_FAMILY = "1,2";
			};
			name = Release;
		};
		B22C637F29F1997B00EEE43A /* Debug */ = {
			isa = XCBuildConfiguration;
			buildSettings = {
				ALWAYS_SEARCH_USER_PATHS = NO;
				CLANG_ANALYZER_NONNULL = YES;
				CLANG_ANALYZER_NUMBER_OBJECT_CONVERSION = YES_AGGRESSIVE;
				CLANG_CXX_LANGUAGE_STANDARD = "gnu++20";
				CLANG_ENABLE_MODULES = YES;
				CLANG_ENABLE_OBJC_ARC = YES;
				CLANG_ENABLE_OBJC_WEAK = YES;
				CLANG_WARN_BLOCK_CAPTURE_AUTORELEASING = YES;
				CLANG_WARN_BOOL_CONVERSION = YES;
				CLANG_WARN_COMMA = YES;
				CLANG_WARN_CONSTANT_CONVERSION = YES;
				CLANG_WARN_DEPRECATED_OBJC_IMPLEMENTATIONS = YES;
				CLANG_WARN_DIRECT_OBJC_ISA_USAGE = YES_ERROR;
				CLANG_WARN_DOCUMENTATION_COMMENTS = YES;
				CLANG_WARN_EMPTY_BODY = YES;
				CLANG_WARN_ENUM_CONVERSION = YES;
				CLANG_WARN_INFINITE_RECURSION = YES;
				CLANG_WARN_INT_CONVERSION = YES;
				CLANG_WARN_NON_LITERAL_NULL_CONVERSION = YES;
				CLANG_WARN_OBJC_IMPLICIT_RETAIN_SELF = YES;
				CLANG_WARN_OBJC_LITERAL_CONVERSION = YES;
				CLANG_WARN_OBJC_ROOT_CLASS = YES_ERROR;
				CLANG_WARN_QUOTED_INCLUDE_IN_FRAMEWORK_HEADER = YES;
				CLANG_WARN_RANGE_LOOP_ANALYSIS = YES;
				CLANG_WARN_STRICT_PROTOTYPES = YES;
				CLANG_WARN_SUSPICIOUS_MOVE = YES;
				CLANG_WARN_UNGUARDED_AVAILABILITY = YES_AGGRESSIVE;
				CLANG_WARN_UNREACHABLE_CODE = YES;
				CLANG_WARN__DUPLICATE_METHOD_MATCH = YES;
				COPY_PHASE_STRIP = NO;
				DEBUG_INFORMATION_FORMAT = dwarf;
				ENABLE_STRICT_OBJC_MSGSEND = YES;
				ENABLE_TESTABILITY = YES;
				GCC_C_LANGUAGE_STANDARD = gnu11;
				GCC_DYNAMIC_NO_PIC = NO;
				GCC_NO_COMMON_BLOCKS = YES;
				GCC_OPTIMIZATION_LEVEL = 0;
				GCC_PREPROCESSOR_DEFINITIONS = (
					"DEBUG=1",
					"$(inherited)",
				);
				GCC_WARN_64_TO_32_BIT_CONVERSION = YES;
				GCC_WARN_ABOUT_RETURN_TYPE = YES_ERROR;
				GCC_WARN_UNDECLARED_SELECTOR = YES;
				GCC_WARN_UNINITIALIZED_AUTOS = YES_AGGRESSIVE;
				GCC_WARN_UNUSED_FUNCTION = YES;
				GCC_WARN_UNUSED_VARIABLE = YES;
				IPHONEOS_DEPLOYMENT_TARGET = 16.1;
				MTL_ENABLE_DEBUG_INFO = INCLUDE_SOURCE;
				MTL_FAST_MATH = YES;
				ONLY_ACTIVE_ARCH = YES;
				SDKROOT = iphoneos;
				SWIFT_ACTIVE_COMPILATION_CONDITIONS = DEBUG;
				SWIFT_OPTIMIZATION_LEVEL = "-Onone";
			};
			name = Debug;
		};
		B22C638029F1997B00EEE43A /* Release */ = {
			isa = XCBuildConfiguration;
			buildSettings = {
				ALWAYS_SEARCH_USER_PATHS = NO;
				CLANG_ANALYZER_NONNULL = YES;
				CLANG_ANALYZER_NUMBER_OBJECT_CONVERSION = YES_AGGRESSIVE;
				CLANG_CXX_LANGUAGE_STANDARD = "gnu++20";
				CLANG_ENABLE_MODULES = YES;
				CLANG_ENABLE_OBJC_ARC = YES;
				CLANG_ENABLE_OBJC_WEAK = YES;
				CLANG_WARN_BLOCK_CAPTURE_AUTORELEASING = YES;
				CLANG_WARN_BOOL_CONVERSION = YES;
				CLANG_WARN_COMMA = YES;
				CLANG_WARN_CONSTANT_CONVERSION = YES;
				CLANG_WARN_DEPRECATED_OBJC_IMPLEMENTATIONS = YES;
				CLANG_WARN_DIRECT_OBJC_ISA_USAGE = YES_ERROR;
				CLANG_WARN_DOCUMENTATION_COMMENTS = YES;
				CLANG_WARN_EMPTY_BODY = YES;
				CLANG_WARN_ENUM_CONVERSION = YES;
				CLANG_WARN_INFINITE_RECURSION = YES;
				CLANG_WARN_INT_CONVERSION = YES;
				CLANG_WARN_NON_LITERAL_NULL_CONVERSION = YES;
				CLANG_WARN_OBJC_IMPLICIT_RETAIN_SELF = YES;
				CLANG_WARN_OBJC_LITERAL_CONVERSION = YES;
				CLANG_WARN_OBJC_ROOT_CLASS = YES_ERROR;
				CLANG_WARN_QUOTED_INCLUDE_IN_FRAMEWORK_HEADER = YES;
				CLANG_WARN_RANGE_LOOP_ANALYSIS = YES;
				CLANG_WARN_STRICT_PROTOTYPES = YES;
				CLANG_WARN_SUSPICIOUS_MOVE = YES;
				CLANG_WARN_UNGUARDED_AVAILABILITY = YES_AGGRESSIVE;
				CLANG_WARN_UNREACHABLE_CODE = YES;
				CLANG_WARN__DUPLICATE_METHOD_MATCH = YES;
				COPY_PHASE_STRIP = NO;
				DEBUG_INFORMATION_FORMAT = "dwarf-with-dsym";
				ENABLE_NS_ASSERTIONS = NO;
				ENABLE_STRICT_OBJC_MSGSEND = YES;
				GCC_C_LANGUAGE_STANDARD = gnu11;
				GCC_NO_COMMON_BLOCKS = YES;
				GCC_WARN_64_TO_32_BIT_CONVERSION = YES;
				GCC_WARN_ABOUT_RETURN_TYPE = YES_ERROR;
				GCC_WARN_UNDECLARED_SELECTOR = YES;
				GCC_WARN_UNINITIALIZED_AUTOS = YES_AGGRESSIVE;
				GCC_WARN_UNUSED_FUNCTION = YES;
				GCC_WARN_UNUSED_VARIABLE = YES;
				IPHONEOS_DEPLOYMENT_TARGET = 16.1;
				MTL_ENABLE_DEBUG_INFO = NO;
				MTL_FAST_MATH = YES;
				SDKROOT = iphoneos;
				SWIFT_COMPILATION_MODE = wholemodule;
				SWIFT_OPTIMIZATION_LEVEL = "-O";
				VALIDATE_PRODUCT = YES;
			};
			name = Release;
		};
		B22C638229F1997B00EEE43A /* Debug */ = {
			isa = XCBuildConfiguration;
			buildSettings = {
				ALWAYS_EMBED_SWIFT_STANDARD_LIBRARIES = YES;
				ASSETCATALOG_COMPILER_APPICON_NAME = AppIcon;
				ASSETCATALOG_COMPILER_GLOBAL_ACCENT_COLOR_NAME = AccentColor;
				CODE_SIGN_ENTITLEMENTS = VideoSDKSwiftUIExample/VideoSDKSwiftUIExample.entitlements;
				CODE_SIGN_STYLE = Automatic;
				CURRENT_PROJECT_VERSION = 1;
				DEVELOPMENT_ASSET_PATHS = "\"VideoSDKSwiftUIExample/Preview Content\"";
				DEVELOPMENT_TEAM = 8GZ776NSU2;
				ENABLE_PREVIEWS = YES;
				GENERATE_INFOPLIST_FILE = YES;
				INFOPLIST_FILE = VideoSDKSwiftUIExample/Info.plist;
				INFOPLIST_KEY_NSCameraUsageDescription = "requires camera";
				INFOPLIST_KEY_NSMicrophoneUsageDescription = "requires microphone";
				INFOPLIST_KEY_UIApplicationSceneManifest_Generation = YES;
				INFOPLIST_KEY_UIApplicationSupportsIndirectInputEvents = YES;
				INFOPLIST_KEY_UILaunchScreen_Generation = YES;
				INFOPLIST_KEY_UISupportedInterfaceOrientations_iPad = "UIInterfaceOrientationPortrait UIInterfaceOrientationPortraitUpsideDown UIInterfaceOrientationLandscapeLeft UIInterfaceOrientationLandscapeRight";
				INFOPLIST_KEY_UISupportedInterfaceOrientations_iPhone = "UIInterfaceOrientationPortrait UIInterfaceOrientationLandscapeLeft UIInterfaceOrientationLandscapeRight";
				LD_RUNPATH_SEARCH_PATHS = (
					"$(inherited)",
					"@executable_path/Frameworks",
				);
				MARKETING_VERSION = 1.0;
				PRODUCT_BUNDLE_IDENTIFIER = com.videosdk.live.example.VideoSDKSwiftUIExample;
				PRODUCT_NAME = "$(TARGET_NAME)";
				SWIFT_EMIT_LOC_STRINGS = YES;
				SWIFT_VERSION = 5.0;
				TARGETED_DEVICE_FAMILY = "1,2";
			};
			name = Debug;
		};
		B22C638329F1997B00EEE43A /* Release */ = {
			isa = XCBuildConfiguration;
			buildSettings = {
				ALWAYS_EMBED_SWIFT_STANDARD_LIBRARIES = YES;
				ASSETCATALOG_COMPILER_APPICON_NAME = AppIcon;
				ASSETCATALOG_COMPILER_GLOBAL_ACCENT_COLOR_NAME = AccentColor;
				CODE_SIGN_ENTITLEMENTS = VideoSDKSwiftUIExample/VideoSDKSwiftUIExample.entitlements;
				CODE_SIGN_STYLE = Automatic;
				CURRENT_PROJECT_VERSION = 1;
				DEVELOPMENT_ASSET_PATHS = "\"VideoSDKSwiftUIExample/Preview Content\"";
				DEVELOPMENT_TEAM = 8GZ776NSU2;
				ENABLE_PREVIEWS = YES;
				GENERATE_INFOPLIST_FILE = YES;
				INFOPLIST_FILE = VideoSDKSwiftUIExample/Info.plist;
				INFOPLIST_KEY_NSCameraUsageDescription = "requires camera";
				INFOPLIST_KEY_NSMicrophoneUsageDescription = "requires microphone";
				INFOPLIST_KEY_UIApplicationSceneManifest_Generation = YES;
				INFOPLIST_KEY_UIApplicationSupportsIndirectInputEvents = YES;
				INFOPLIST_KEY_UILaunchScreen_Generation = YES;
				INFOPLIST_KEY_UISupportedInterfaceOrientations_iPad = "UIInterfaceOrientationPortrait UIInterfaceOrientationPortraitUpsideDown UIInterfaceOrientationLandscapeLeft UIInterfaceOrientationLandscapeRight";
				INFOPLIST_KEY_UISupportedInterfaceOrientations_iPhone = "UIInterfaceOrientationPortrait UIInterfaceOrientationLandscapeLeft UIInterfaceOrientationLandscapeRight";
				LD_RUNPATH_SEARCH_PATHS = (
					"$(inherited)",
					"@executable_path/Frameworks",
				);
				MARKETING_VERSION = 1.0;
				PRODUCT_BUNDLE_IDENTIFIER = com.videosdk.live.example.VideoSDKSwiftUIExample;
				PRODUCT_NAME = "$(TARGET_NAME)";
				SWIFT_EMIT_LOC_STRINGS = YES;
				SWIFT_VERSION = 5.0;
				TARGETED_DEVICE_FAMILY = "1,2";
			};
			name = Release;
		};
/* End XCBuildConfiguration section */

/* Begin XCConfigurationList section */
		6BF0EC062BD94B7B0000DF8E /* Build configuration list for PBXNativeTarget "Broadcast" */ = {
			isa = XCConfigurationList;
			buildConfigurations = (
				6BF0EC042BD94B7B0000DF8E /* Debug */,
				6BF0EC052BD94B7B0000DF8E /* Release */,
			);
			defaultConfigurationIsVisible = 0;
			defaultConfigurationName = Release;
		};
		B22C636E29F1997900EEE43A /* Build configuration list for PBXProject "VideoSDKSwiftUIExample" */ = {
			isa = XCConfigurationList;
			buildConfigurations = (
				B22C637F29F1997B00EEE43A /* Debug */,
				B22C638029F1997B00EEE43A /* Release */,
			);
			defaultConfigurationIsVisible = 0;
			defaultConfigurationName = Release;
		};
		B22C638129F1997B00EEE43A /* Build configuration list for PBXNativeTarget "VideoSDKSwiftUIExample" */ = {
			isa = XCConfigurationList;
			buildConfigurations = (
				B22C638229F1997B00EEE43A /* Debug */,
				B22C638329F1997B00EEE43A /* Release */,
			);
			defaultConfigurationIsVisible = 0;
			defaultConfigurationName = Release;
		};
/* End XCConfigurationList section */

/* Begin XCRemoteSwiftPackageReference section */
		2CB5BF0A2DD45744000E5986 /* XCRemoteSwiftPackageReference "videosdk-rtc-ios-spm" */ = {
			isa = XCRemoteSwiftPackageReference;
			repositoryURL = "https://github.com/videosdk-live/videosdk-rtc-ios-spm.git";
			requirement = {
				kind = exactVersion;
				version = 2.2.6;
			};
		};
/* End XCRemoteSwiftPackageReference section */

/* Begin XCSwiftPackageProductDependency section */
		2CB5BF0B2DD45744000E5986 /* VideoSDKRTCSwift */ = {
			isa = XCSwiftPackageProductDependency;
			package = 2CB5BF0A2DD45744000E5986 /* XCRemoteSwiftPackageReference "videosdk-rtc-ios-spm" */;
			productName = VideoSDKRTCSwift;
		};
/* End XCSwiftPackageProductDependency section */
	};
	rootObject = B22C636B29F1997900EEE43A /* Project object */;
}
