{
  "originHash" : "3bcce08c5dc6773fa23cbda274afbb9a7a53a250e8efbeb017aeed9ef36f18c9",
  "pins" : [
    {
      "identity" : "videosdk-rtc-ios-spm",
      "kind" : "remoteSourceControl",
      "location" : "https://github.com/videosdk-live/videosdk-rtc-ios-spm",
      "state" : {
        "branch" : "main",
        "revision" : "55653d317176516ecb7fa55f8f7df36fbcd295b8"
      }
    }
  ],
  "version" : 3
}
