{
  "originHash" : "3bcce08c5dc6773fa23cbda274afbb9a7a53a250e8efbeb017aeed9ef36f18c9",
  "pins" : [
    {
      "identity" : "videosdk-rtc-ios-spm",
      "kind" : "remoteSourceControl",
      "location" : "https://github.com/videosdk-live/videosdk-rtc-ios-spm",
      "state" : {
        "revision" : "853e8d718aca2fdc1801ef56311ccfbf338f6bf9",
        "version" : "3.1.0"
      }
    }
  ],
  "version" : 3
}
